PODS:
  - 1PasswordExtension (1.8.4)
  - CircleProgressView (1.1.3)
  - DFCache (4.0.1)
  - DRPLoadingSpinner (1.3.1):
    - DRPLoadingSpinner/core (= 1.3.1)
  - DRPLoadingSpinner/core (1.3.1)
  - GTMNSStringHTMLAdditions (0.2.1)
  - Helpshift (6.3.0)
  - HockeySDK (5.0.0):
    - HockeySDK/DefaultLib (= 5.0.0)
  - HockeySDK/DefaultLib (5.0.0)
  - ISO8601 (0.5.0)
  - JGProgressHUD (2.0)
  - JVFloatLabeledTextField (1.2.1)
  - RaptureXML@Frankly (1.0.4)
  - Realm (3.0.0):
    - Realm/Headers (= 3.0.0)
  - Realm/Headers (3.0.0)
  - RealmSwift (3.0.0):
    - Realm (= 3.0.0)
  - Reveal-SDK (11)
  - SDWebImage (4.1.2):
    - SDWebImage/Core (= 4.1.2)
  - SDWebImage/Core (4.1.2)
  - SnapKit (4.0.0)
  - SORelativeDateTransformer (1.1.10)
  - TTTAttributedLabel (2.0.0)

DEPENDENCIES:
  - 1PasswordExtension
  - CircleProgressView
  - DFCache
  - DRPLoadingSpinner
  - GTMNSStringHTMLAdditions
  - Helpshift
  - HockeySDK
  - ISO8601 (from `https://github.com/soffes/ISO8601`, branch `swift3`)
  - JGProgressHUD
  - JVFloatLabeledTextField
  - RaptureXML@Frankly
  - RealmSwift
  - Reveal-SDK
  - SDWebImage
  - SnapKit
  - SORelativeDateTransformer
  - TTTAttributedLabel

EXTERNAL SOURCES:
  ISO8601:
    :branch: swift3
    :git: https://github.com/soffes/ISO8601

CHECKOUT OPTIONS:
  ISO8601:
    :commit: 90f7df1bbb91ff470b3061bd5e3706df6541be16
    :git: https://github.com/soffes/ISO8601

SPEC CHECKSUMS:
  1PasswordExtension: e775a29310c65851e5a6cec1afc349ab4e334e47
  CircleProgressView: 66e4d663a2bc7a9086e37b518868be923cd0a23a
  DFCache: db3bc28ceaa6f8838b1183607cb37924e488f070
  DRPLoadingSpinner: 725e530bf4ebe2cc351b1fbc94d24fe8ac3300fd
  GTMNSStringHTMLAdditions: 4bfc402b1b17165360728083156cae0a74ecb308
  Helpshift: c896743dbd2621762cf506ae7f1c8bae90f20778
  HockeySDK: 82bf8dcbe1af3c87c24dc98924fcf2e2ba5be8c4
  ISO8601: ddefd7454c859b1279b6da7a54e63743c5df9079
  JGProgressHUD: c402c0f41fc291ca7e33bba2f999118d9682dd9c
  JVFloatLabeledTextField: cfc44e3c4d493b2ed92ede8035e8e89c2912ba64
  RaptureXML@Frankly: 585df7d229c6a6a3f5a202d7664c2dd0aba9ef38
  Realm: dec0de73be8c57506e39db72694d513c189493b3
  RealmSwift: 44a7090b16d1b22a406c6bf129bdd602db1bbecc
  Reveal-SDK: 7fa13d04bb55db61ff2342a990cf731d5159361d
  SDWebImage: cb6f9f266a9977741efcbc21e618e8be3734c774
  SnapKit: a42d492c16e80209130a3379f73596c3454b7694
  SORelativeDateTransformer: 307489386df4697780902bc16e99881d69a629b3
  TTTAttributedLabel: 8cffe8e127e4e82ff3af1e5386d4cd0ad000b656

PODFILE CHECKSUM: 6d1abf926fc3b2fbffff05ea004d0454a315c613

COCOAPODS: 1.3.1
