PODS:
  - 1PasswordExtension (1.8.4)
  - CircleProgressView (1.1.1)
  - DFCache (4.0.1)
  - DRPLoadingSpinner (1.3.1):
    - DRPLoadingSpinner/core (= 1.3.1)
  - DRPLoadingSpinner/core (1.3.1)
  - GTMNSStringHTMLAdditions (0.2.1)
  - Helpshift (5.9.2)
  - HockeySDK (4.1.3):
    - HockeySDK/DefaultLib (= 4.1.3)
  - HockeySDK/DefaultLib (4.1.3)
  - ISO8601 (0.5.0)
  - JGProgressHUD (1.4)
  - JVFloatLabeledTextField (1.2.1)
  - RaptureXML@Frankly (1.0.4)
  - Realm (2.10.2):
    - Realm/Headers (= 2.10.2)
  - Realm/Headers (2.10.2)
  - RealmSwift (2.10.2):
    - Realm (= 2.10.2)
  - Reveal-SDK (6)
  - SDWebImage (4.0.0):
    - SDWebImage/Core (= 4.0.0)
  - SDWebImage/Core (4.0.0)
  - SnapKit (3.1.2)
  - SORelativeDateTransformer (1.1.10)
  - TTTAttributedLabel (2.0.0)

DEPENDENCIES:
  - 1PasswordExtension
  - CircleProgressView
  - DFCache
  - DRPLoadingSpinner
  - GTMNSStringHTMLAdditions
  - Helpshift
  - HockeySDK
  - ISO8601 (from `https://github.com/soffes/ISO8601`, branch `swift3`)
  - JGProgressHUD
  - JVFloatLabeledTextField
  - RaptureXML@Frankly
  - RealmSwift
  - Reveal-SDK
  - SDWebImage
  - SnapKit
  - SORelativeDateTransformer
  - TTTAttributedLabel

EXTERNAL SOURCES:
  ISO8601:
    :branch: swift3
    :git: https://github.com/soffes/ISO8601

CHECKOUT OPTIONS:
  ISO8601:
    :commit: 90f7df1bbb91ff470b3061bd5e3706df6541be16
    :git: https://github.com/soffes/ISO8601

SPEC CHECKSUMS:
  1PasswordExtension: e775a29310c65851e5a6cec1afc349ab4e334e47
  CircleProgressView: 3a02912b8cb05ca68f31d8a08e242f7b0f067665
  DFCache: db3bc28ceaa6f8838b1183607cb37924e488f070
  DRPLoadingSpinner: 725e530bf4ebe2cc351b1fbc94d24fe8ac3300fd
  GTMNSStringHTMLAdditions: 4bfc402b1b17165360728083156cae0a74ecb308
  Helpshift: 7db3cd21f5df995a6f87b707f7eb501f22e8cc3e
  HockeySDK: 7dd8d7f5a4d71b7a5eebb320c8515cb22e99221b
  ISO8601: ddefd7454c859b1279b6da7a54e63743c5df9079
  JGProgressHUD: 1617b0940cf80bb53e8f7d6f0fd69252ea45d6d4
  JVFloatLabeledTextField: cfc44e3c4d493b2ed92ede8035e8e89c2912ba64
  RaptureXML@Frankly: 585df7d229c6a6a3f5a202d7664c2dd0aba9ef38
  Realm: 0ef72b837fb67e9f4b098bac771ddd72c7fdbb69
  RealmSwift: 07a9ae0505091eda6b2ee7c190c3786d6e90a7b0
  Reveal-SDK: 67460e58f93711c7b18631d12c2b5de7740e48b5
  SDWebImage: 76a6348bdc74eb5a55dd08a091ef298e56b55e41
  SnapKit: 12b24f569cb7c143acc9c22b9d91b23e7b1c84a2
  SORelativeDateTransformer: 307489386df4697780902bc16e99881d69a629b3
  TTTAttributedLabel: 8cffe8e127e4e82ff3af1e5386d4cd0ad000b656

PODFILE CHECKSUM: 6d1abf926fc3b2fbffff05ea004d0454a315c613

COCOAPODS: 1.3.1
